{
    "_meta": {
        "hash": {
            "sha256": "36d119e8df9938871f3fb414124360ab0b244afc1929ed3b2368c4c472934cec"
        },
        "pipfile-spec": 6,
        "requires": {},
        "sources": [
            {
                "name": "pypi",
                "url": "https://pypi.org/simple",
                "verify_ssl": true
            }
        ]
    },
    "default": {
        "asn1crypto": {
            "hashes": [
                "sha256:13ae38502be632115abf8a24cbe5f4da52e3b5231990aff31123c805306ccb9c",
                "sha256:db4e40728b728508912cbb3d44f19ce188f218e9eba635821bb4b68564f8fd67"
            ],
            "version": "==1.5.1"
        },
        "click": {
            "hashes": [
                "sha256:ae74fb96c20a0277a1d615f1e4d73c8414f5a98db8b799a7931d1582f3390c28",
                "sha256:ca9853ad459e787e2192211578cc907e7594e294c7ccc834310722b41b9ca6de"
            ],
            "markers": "python_version >= '3.7'",
            "version": "==8.1.7"
        },
        "lxml": {
            "hashes": [
                "sha256:0382e6a3eefa3f6699b14fa77c2eb32af2ada261b75120eaf4fc028a20394975",
                "sha256:03e3962d6ad13a862dacd5b3a3ea60b4d092a550f36465234b8639311fd60989",
                "sha256:05fc3720250d221792b6e0d150afc92d20cb10c9cdaa8c8f93c2a00fbdd16015",
                "sha256:06036d60fccb21e22dd167f6d0e422b9cbdf3588a7e999a33799f9cbf01e41a5",
                "sha256:0947d1114e337dc2aae2fa14bbc9ed5d9ca1a0acd6d2f948df9926aef65305e9",
                "sha256:0e95ae029396382a0d2e8174e4077f96befcd4a2184678db363ddc074eb4d3b2",
                "sha256:11acfcdf5a38cf89c48662123a5d02ae0a7d99142c7ee14ad90de5c96a9b6f06",
                "sha256:11e41ffd3cd27b0ca1c76073b27bd860f96431d9b70f383990f1827ca19f2f52",
                "sha256:1459a998c10a99711ac532abe5cc24ba354e4396dafef741c7797f8830712d56",
                "sha256:16e65223f34fd3d65259b174f0f75a4bb3d9893698e5e7d01e54cd8c5eb98d85",
                "sha256:1cce2eaad7e38b985b0f91f18468dda0d6b91862d32bec945b0e46e2ffe7222e",
                "sha256:1eace37a9f4a1bef0bb5c849434933fd6213008ec583c8e31ee5b8e99c7c8500",
                "sha256:1ede2a7a86a977b0c741654efaeca0af7860a9b1ae39f9268f0936246a977ee0",
                "sha256:1effc10bf782f0696e76ecfeba0720ea02c0c31d5bffb7b29ba10debd57d1c3d",
                "sha256:200f70b5d95fc79eb9ed7f8c4888eef4e274b9bf380b829d3d52e9ed962e9231",
                "sha256:21dc490cdb33047bc7f7ad76384f3366fa8f5146b86cc04c4af45de901393b90",
                "sha256:246c93e2503c710cf02c7e9869dc0258223cbefe5e8f9ecded0ac0aa07fd2bf8",
                "sha256:25fef8794f0dc89f01bdd02df6a7fec4bcb2fbbe661d571e898167a83480185e",
                "sha256:27877732946843f4b6bfc56eb40d865653eef34ad2edeed16b015d5c29c248df",
                "sha256:281ee1ffeb0ab06204dfcd22a90e9003f0bb2dab04101ad983d0b1773bc10588",
                "sha256:2a34e74ffe92c413f197ff4967fb1611d938ee0691b762d062ef0f73814f3aa4",
                "sha256:2ad364026c2cebacd7e01d1138bd53639822fefa8f7da90fc38cd0e6319a2699",
                "sha256:2bbe335f0d1a86391671d975a1b5e9b08bb72fba6b567c43bdc2e55ca6e6c086",
                "sha256:32d44af078485c4da9a7ec460162392d49d996caf89516fa0b75ad0838047122",
                "sha256:347ec08250d5950f5b016caa3e2e13fb2cb9714fe6041d52e3716fb33c208663",
                "sha256:356f8873b1e27b81793e30144229adf70f6d3e36e5cb7b6d289da690f4398953",
                "sha256:35e39c6fd089ad6674eb52d93aa874d6027b3ae44d2381cca6e9e4c2e102c9c8",
                "sha256:3603a8a41097daf7672cae22cc4a860ab9ea5597f1c5371cb21beca3398b8d6a",
                "sha256:371aab9a397dcc76625ad3b02fa9b21be63406d69237b773156e7d1fc2ce0cae",
                "sha256:3ac7c8a60b8ad51fe7bca99a634dd625d66492c502fd548dc6dc769ce7d94b6a",
                "sha256:3cefb133c859f06dab2ae63885d9f405000c4031ec516e0ed4f9d779f690d8e3",
                "sha256:3f06e4460e76468d99cc36d5b9bc6fc5f43e6662af44960e13e3f4e040aacb35",
                "sha256:4add722393c99da4d51c8d9f3e1ddf435b30677f2d9ba9aeaa656f23c1b7b580",
                "sha256:4c232726f7b6df5143415a06323faaa998ef8abbe1c0ed00d718755231d76f08",
                "sha256:4d16b44ad0dd8c948129639e34c8d301ad87ebc852568ace6fe9a5ad9ce67ee1",
                "sha256:50a26f68d090594477df8572babac64575cd5c07373f7a8319c527c8e56c0f99",
                "sha256:5188f22c00381cb44283ecb28c8d85c2db4a3035774dd851876c8647cb809c27",
                "sha256:5261c858c390ae9a19aba96796948b6a2d56649cbd572968970dc8da2b2b2a42",
                "sha256:52d6cdea438eb7282c41c5ac00bd6d47d14bebb6e8a8d2a1c168ed9e0cacfbab",
                "sha256:53c0e56f41ef68c1ce4e96f27ecdc2df389730391a2fd45439eb3facb02d36c8",
                "sha256:56591e477bea531e5e1854f5dfb59309d5708669bc921562a35fd9ca5182bdcd",
                "sha256:56835b9e9a7767202fae06310c6b67478963e535fe185bed3bf9af5b18d2b67e",
                "sha256:57402d6cdd8a897ce21cf8d1ff36683583c17a16322a321184766c89a1980600",
                "sha256:57cbadf028727705086047994d2e50124650e63ce5a035b0aa79ab50f001989f",
                "sha256:5810fa80e64a0c689262a71af999c5735f48c0da0affcbc9041d1ef5ef3920be",
                "sha256:59ec2948385336e9901008fdf765780fe30f03e7fdba8090aafdbe5d1b7ea0cd",
                "sha256:5f6e4e5a62114ae76690c4a04c5108d067442d0a41fd092e8abd25af1288c450",
                "sha256:60847dfbdfddf08a56c4eefe48234e8c1ab756c7eda4a2a7c1042666a5516564",
                "sha256:60a3983d32f722a8422c01e4dc4badc7a307ca55c59e2485d0e14244a52c482f",
                "sha256:641a8da145aca67671205f3e89bfec9815138cf2fe06653c909eab42e486d373",
                "sha256:6a7e0935f05e1cf1a3aa1d49a87505773b04f128660eac2a24a5594ea6b1baa7",
                "sha256:6e45fd5213e5587a610b7e7c8c5319a77591ab21ead42df46bb342e21bc1418d",
                "sha256:6f0d2b97a5a06c00c963d4542793f3e486b1ed3a957f8c19f6006ed39d104bb0",
                "sha256:703d60e59ab45c17485c2c14b11880e4f7f0eab07134afa9007573fa5a779a5a",
                "sha256:7250030a7835bfd5ba6ca7d1ad483ec90f9cbc29978c5e75c1cc3e031d3c4160",
                "sha256:73e69762cf740ac3ae81137ef9d6f15f93095f50854e233d50b29e7b8a91dbc6",
                "sha256:75a4117b43694c72a0d89f6c18a28dc57407bde4650927d4ef5fd384bdf6dcc7",
                "sha256:7a1611fb9de0a269c05575c024e6d8cdf2186e3fa52b364e3b03dcad82514d57",
                "sha256:7c556bbf88a8b667c849d326dd4dd9c6290ede5a33383ffc12b0ed17777f909d",
                "sha256:7c61ce3cdd6e6c9f4003ac118be7eb3036d0ce2afdf23929e533e54482780f74",
                "sha256:7efbce96719aa275d49ad5357886845561328bf07e1d5ab998f4e3066c5ccf15",
                "sha256:7fac15090bb966719df06f0c4f8139783746d1e60e71016d8a65db2031ca41b8",
                "sha256:80cc2b55bb6e35d3cb40936b658837eb131e9f16357241cd9ba106ae1e9c5ecb",
                "sha256:883e382695f346c2ea3ad96bdbdf4ca531788fbeedb4352be3a8fcd169fc387d",
                "sha256:8aa11638902ac23f944f16ce45c9f04c9d5d57bb2da66822abb721f4efe5fdbb",
                "sha256:92bb37c96215c4b2eb26f3c791c0bf02c64dd251effa532b43ca5049000c4478",
                "sha256:931a3a13e0f574abce8f3152b207938a54304ccf7a6fd7dff1fdb2f6691d08af",
                "sha256:93eede9bcc842f891b2267c7f0984d811940d1bc18472898a1187fe560907a99",
                "sha256:947fa8bf15d1c62c6db36c6ede9389cac54f59af27010251747f05bddc227745",
                "sha256:a00f5931b7cccea775123c3c0a2513aee58afdad8728550cc970bff32280bdd2",
                "sha256:a3c39def0965e8fb5c8d50973e0c7b4ce429a2fa730f3f9068a7f4f9ce78410b",
                "sha256:a9b67b850ab1d304cb706cf71814b0e0c3875287083d7ec55ee69504a9c48180",
                "sha256:ada8ce9e6e1d126ef60d215baaa0c81381ba5841c25f1d00a71cdafdc038bd27",
                "sha256:ae550cbd7f229cdf2841d9b01406bcca379a5fb327b9efb53ba620a10452e835",
                "sha256:ae69524fd6a68b288574013f8fadac23cacf089c75cd3fc5b216277a445eb736",
                "sha256:af64df85fecd3cf3b2e792f0b5b4d92740905adfa8ce3b24977a55415f1a0c40",
                "sha256:b0181c22fdb89cc19e70240a850e5480817c3e815b1eceb171b3d7a3aa3e596a",
                "sha256:b03531f6cd6ce4b511dcece060ca20aa5412f8db449274b44f4003f282e6272f",
                "sha256:b3b4bb89a785f4fd60e05f3c3a526c07d0d68e3536f17f169ca13bf5b5dd75a5",
                "sha256:b7150e630b879390e02121e71ceb1807f682b88342e2ea2082e2c8716cf8bd93",
                "sha256:b8f842df9ba26135c5414e93214e04fe0af259bb4f96a32f756f89467f7f3b45",
                "sha256:ba3a86b0d5a5c93104cb899dff291e3ae13729c389725a876d00ef9696de5425",
                "sha256:ba4d02aed47c25be6775a40d55c5774327fdedba79871b7c2485e80e45750cb2",
                "sha256:bc2259243ee734cc736e237719037efb86603c891fd363cc7973a2d0ac8a0e3f",
                "sha256:be5c8e776ecbcf8c1bce71a7d90e3a3680c9ceae516cac0be08b47e9fac0ca43",
                "sha256:be5faa2d5c8c8294d770cfd09d119fb27b5589acc59635b0cf90f145dbe81dca",
                "sha256:c53164f29ed3c3868787144e8ea8a399ffd7d8215f59500a20173593c19e96eb",
                "sha256:c54f8d6160080831a76780d850302fdeb0e8d0806f661777b0714dfb55d9a08a",
                "sha256:c74e77df9e36c8c91157853e6cd400f6f9ca7a803ba89981bfe3f3fc7e5651ef",
                "sha256:c84dce8fb2e900d4fb094e76fdad34a5fd06de53e41bddc1502c146eb11abd74",
                "sha256:ca3236f31d565555139d5b00b790ed2a98ac6f0c4470c4032f8b5e5a5dba3c1a",
                "sha256:d2b339fb790fc923ae2e9345c8633e3d0064d37ea7920c027f20c8ae6f65a91f",
                "sha256:d46df6f0b1a0cda39d12c5c4615a7d92f40342deb8001c7b434d7c8c78352e58",
                "sha256:da12b4efc93d53068888cb3b58e355b31839f2428b8f13654bd25d68b201c240",
                "sha256:dc7b630c4fb428b8a40ddd0bfc4bc19de11bb3c9b031154f77360e48fe8b4451",
                "sha256:dd0f25a431cd16f70ec1c47c10b413e7ddfe1ccaaddd1a7abd181e507c012374",
                "sha256:ddbea6e58cce1a640d9d65947f1e259423fc201c9cf9761782f355f53b7f3097",
                "sha256:ddda5ba8831f258ac7e6364be03cb27aa62f50c67fd94bc1c3b6247959cc0369",
                "sha256:df7dfbdef11702fd22c2eaf042d7098d17edbc62d73f2199386ad06cbe466f6d",
                "sha256:e08784288a179b59115b5e57abf6d387528b39abb61105fe17510a199a277a40",
                "sha256:e283b24c14361fe9e04026a1d06c924450415491b83089951d469509900d9f32",
                "sha256:e4366e58c0508da4dee4c7c70cee657e38553d73abdffa53abbd7d743711ee11",
                "sha256:e6cb8f7a332eaa2d876b649a748a445a38522e12f2168e5e838d1505a91cdbb7",
                "sha256:e8359fb610c8c444ac473cfd82dae465f405ff807cabb98a9b9712bbd0028751",
                "sha256:eaf5e308a5e50bc0548c4fdca0117a31ec9596f8cfc96592db170bcecc71a957",
                "sha256:ed1fe80e1fcdd1205a443bddb1ad3c3135bb1cd3f36cc996a1f4aed35960fbe8",
                "sha256:f1f164e4cc6bc646b1fc86664c3543bf4a941d45235797279b120dc740ee7af5",
                "sha256:f2cb157e279d28c66b1c27e0948687dc31dc47d1ab10ce0cd292a8334b7de3d5",
                "sha256:f354d62345acdf22aa3e171bd9723790324a66fafe61bfe3873b86724cf6daaa",
                "sha256:f46f8033da364bacc74aca5e319509a20bb711c8a133680ca5f35020f9eaf025",
                "sha256:f90c36ca95a44d2636bbf55a51ca30583b59b71b6547b88d954e029598043551",
                "sha256:f9e27841cddfaebc4e3ffbe5dbdff42891051acf5befc9f5323944b2c61cef16",
                "sha256:fadda215e32fe375d65e560b7f7e2a37c7f9c4ecee5315bb1225ca6ac9bf5838"
            ],
            "markers": "python_version >= '3.6'",
            "version": "==5.2.0"
        },
        "pyaxmlparser": {
            "hashes": [
                "sha256:3c6609a48eb67e8a25d158243671c4f8b713d1fb10d9c5c45b1e62ddd8d8494f",
                "sha256:fecb858ff1fb456466f8dcdcd814207b4c15edb95f67cfe0a38c7d7cd4a28d4d"
            ],
            "index": "pypi",
            "version": "==0.3.31"
        },
        "python-dateutil": {
            "hashes": [
                "sha256:37dd54208da7e1cd875388217d5e00ebd4179249f90fb72437e91a35459a0ad3",
                "sha256:a8b2bc7bffae282281c8140a97d3aa9c14da0b136dfe83f850eea9a5f7470427"
            ],
            "index": "pypi",
            "markers": "python_version >= '2.7' and python_version not in '3.0, 3.1, 3.2, 3.3'",
            "version": "==2.9.0.post0"
        },
        "pytz": {
            "hashes": [
                "sha256:2a29735ea9c18baf14b448846bde5a48030ed267578472d8955cd0e7443a9812",
                "sha256:328171f4e3623139da4983451950b28e95ac706e13f3f2630a879749e7a8b319"
            ],
            "version": "==2024.1"
        },
        "six": {
            "hashes": [
                "sha256:1e61c37477a1626458e36f7b1d82aa5c9b094fa4802892072e49de9c60c4c926",
                "sha256:8abb2f1d86890a2dfb989f9a77cfcfd3e47c2a354b01111771326f8aa26e0254"
            ],
            "markers": "python_version >= '2.7' and python_version not in '3.0, 3.1, 3.2, 3.3'",
            "version": "==1.16.0"
        },
        "typing": {
            "hashes": [
                "sha256:1187fb9c82fd670d10aa07bbb6cfcfe4bdda42d6fab8d5134f04e8c4d0b71cc9",
                "sha256:283d868f5071ab9ad873e5e52268d611e851c870a2ba354193026f2dfb29d8b5"
            ],
            "index": "pypi",
            "markers": "python_version >= '2.7' and python_version not in '3.0, 3.1, 3.2, 3.3'",
            "version": "==3.7.4.3"
        },
        "tzlocal": {
            "hashes": [
                "sha256:643c97c5294aedc737780a49d9df30889321cbe1204eac2c2ec6134035a92e44",
                "sha256:e2cb6c6b5b604af38597403e9852872d7f534962ae2954c7f35efcb1ccacf4a4"
            ],
            "index": "pypi",
            "version": "==2.1"
        }
    },
    "develop": {
        "astroid": {
            "hashes": [
                "sha256:951798f922990137ac090c53af473db7ab4e70c770e6d7fae0cec59f74411819",
                "sha256:ac248253bfa4bd924a0de213707e7ebeeb3138abeb48d798784ead1e56d419d4"
            ],
            "markers": "python_full_version >= '3.8.0'",
            "version": "==3.1.0"
        },
        "coverage": {
            "hashes": [
                "sha256:00838a35b882694afda09f85e469c96367daa3f3f2b097d846a7216993d37f4c",
                "sha256:0513b9508b93da4e1716744ef6ebc507aff016ba115ffe8ecff744d1322a7b63",
                "sha256:09c3255458533cb76ef55da8cc49ffab9e33f083739c8bd4f58e79fecfe288f7",
                "sha256:09ef9199ed6653989ebbcaacc9b62b514bb63ea2f90256e71fea3ed74bd8ff6f",
                "sha256:09fa497a8ab37784fbb20ab699c246053ac294d13fc7eb40ec007a5043ec91f8",
                "sha256:0f9f50e7ef2a71e2fae92774c99170eb8304e3fdf9c8c3c7ae9bab3e7229c5cf",
                "sha256:137eb07173141545e07403cca94ab625cc1cc6bc4c1e97b6e3846270e7e1fea0",
                "sha256:1f384c3cc76aeedce208643697fb3e8437604b512255de6d18dae3f27655a384",
                "sha256:201bef2eea65e0e9c56343115ba3814e896afe6d36ffd37bab783261db430f76",
                "sha256:38dd60d7bf242c4ed5b38e094baf6401faa114fc09e9e6632374388a404f98e7",
                "sha256:3b799445b9f7ee8bf299cfaed6f5b226c0037b74886a4e11515e569b36fe310d",
                "sha256:3ea79bb50e805cd6ac058dfa3b5c8f6c040cb87fe83de10845857f5535d1db70",
                "sha256:40209e141059b9370a2657c9b15607815359ab3ef9918f0196b6fccce8d3230f",
                "sha256:41c9c5f3de16b903b610d09650e5e27adbfa7f500302718c9ffd1c12cf9d6818",
                "sha256:54eb8d1bf7cacfbf2a3186019bcf01d11c666bd495ed18717162f7eb1e9dd00b",
                "sha256:598825b51b81c808cb6f078dcb972f96af96b078faa47af7dfcdf282835baa8d",
                "sha256:5fc1de20b2d4a061b3df27ab9b7c7111e9a710f10dc2b84d33a4ab25065994ec",
                "sha256:623512f8ba53c422fcfb2ce68362c97945095b864cda94a92edbaf5994201083",
                "sha256:690db6517f09336559dc0b5f55342df62370a48f5469fabf502db2c6d1cffcd2",
                "sha256:69eb372f7e2ece89f14751fbcbe470295d73ed41ecd37ca36ed2eb47512a6ab9",
                "sha256:73bfb9c09951125d06ee473bed216e2c3742f530fc5acc1383883125de76d9cd",
                "sha256:742a76a12aa45b44d236815d282b03cfb1de3b4323f3e4ec933acfae08e54ade",
                "sha256:7c95949560050d04d46b919301826525597f07b33beba6187d04fa64d47ac82e",
                "sha256:8130a2aa2acb8788e0b56938786c33c7c98562697bf9f4c7d6e8e5e3a0501e4a",
                "sha256:8a2b2b78c78293782fd3767d53e6474582f62443d0504b1554370bde86cc8227",
                "sha256:8ce1415194b4a6bd0cdcc3a1dfbf58b63f910dcb7330fe15bdff542c56949f87",
                "sha256:9ca28a302acb19b6af89e90f33ee3e1906961f94b54ea37de6737b7ca9d8827c",
                "sha256:a4cdc86d54b5da0df6d3d3a2f0b710949286094c3a6700c21e9015932b81447e",
                "sha256:aa5b1c1bfc28384f1f53b69a023d789f72b2e0ab1b3787aae16992a7ca21056c",
                "sha256:aadacf9a2f407a4688d700e4ebab33a7e2e408f2ca04dbf4aef17585389eff3e",
                "sha256:ae71e7ddb7a413dd60052e90528f2f65270aad4b509563af6d03d53e979feafd",
                "sha256:b14706df8b2de49869ae03a5ccbc211f4041750cd4a66f698df89d44f4bd30ec",
                "sha256:b1a93009cb80730c9bca5d6d4665494b725b6e8e157c1cb7f2db5b4b122ea562",
                "sha256:b2991665420a803495e0b90a79233c1433d6ed77ef282e8e152a324bbbc5e0c8",
                "sha256:b2c5edc4ac10a7ef6605a966c58929ec6c1bd0917fb8c15cb3363f65aa40e677",
                "sha256:b4d33f418f46362995f1e9d4f3a35a1b6322cb959c31d88ae56b0298e1c22357",
                "sha256:b91cbc4b195444e7e258ba27ac33769c41b94967919f10037e6355e998af255c",
                "sha256:c74880fc64d4958159fbd537a091d2a585448a8f8508bf248d72112723974cbd",
                "sha256:c901df83d097649e257e803be22592aedfd5182f07b3cc87d640bbb9afd50f49",
                "sha256:cac99918c7bba15302a2d81f0312c08054a3359eaa1929c7e4b26ebe41e9b286",
                "sha256:cc4f1358cb0c78edef3ed237ef2c86056206bb8d9140e73b6b89fbcfcbdd40e1",
                "sha256:ccd341521be3d1b3daeb41960ae94a5e87abe2f46f17224ba5d6f2b8398016cf",
                "sha256:ce4b94265ca988c3f8e479e741693d143026632672e3ff924f25fab50518dd51",
                "sha256:cf271892d13e43bc2b51e6908ec9a6a5094a4df1d8af0bfc360088ee6c684409",
                "sha256:d5ae728ff3b5401cc320d792866987e7e7e880e6ebd24433b70a33b643bb0384",
                "sha256:d71eec7d83298f1af3326ce0ff1d0ea83c7cb98f72b577097f9083b20bdaf05e",
                "sha256:d898fe162d26929b5960e4e138651f7427048e72c853607f2b200909794ed978",
                "sha256:d89d7b2974cae412400e88f35d86af72208e1ede1a541954af5d944a8ba46c57",
                "sha256:dfa8fe35a0bb90382837b238fff375de15f0dcdb9ae68ff85f7a63649c98527e",
                "sha256:e0be5efd5127542ef31f165de269f77560d6cdef525fffa446de6f7e9186cfb2",
                "sha256:fdfafb32984684eb03c2d83e1e51f64f0906b11e64482df3c5db936ce3839d48",
                "sha256:ff7687ca3d7028d8a5f0ebae95a6e4827c5616b31a4ee1192bdfde697db110d4"
            ],
            "index": "pypi",
            "markers": "python_version >= '3.8'",
            "version": "==7.4.4"
        },
        "dill": {
            "hashes": [
                "sha256:3ebe3c479ad625c4553aca177444d89b486b1d84982eeacded644afc0cf797ca",
                "sha256:c36ca9ffb54365bdd2f8eb3eff7d2a21237f8452b57ace88b1ac615b7e815bd7"
            ],
            "markers": "python_version >= '3.11'",
            "version": "==0.3.8"
        },
        "isort": {
            "hashes": [
                "sha256:48fdfcb9face5d58a4f6dde2e72a1fb8dcaf8ab26f95ab49fab84c2ddefb0109",
                "sha256:8ca5e72a8d85860d5a3fa69b8745237f2939afe12dbf656afbcb47fe72d947a6"
            ],
            "markers": "python_full_version >= '3.8.0'",
            "version": "==5.13.2"
        },
        "mccabe": {
            "hashes": [
                "sha256:348e0240c33b60bbdf4e523192ef919f28cb2c3d7d5c7794f74009290f236325",
                "sha256:6c2d30ab6be0e4a46919781807b4f0d834ebdd6c6e3dca0bda5a15f863427b6e"
            ],
            "markers": "python_version >= '3.6'",
            "version": "==0.7.0"
        },
        "parameterized": {
            "hashes": [
                "sha256:4e0758e3d41bea3bbd05ec14fc2c24736723f243b28d702081aef438c9372b1b",
                "sha256:7fc905272cefa4f364c1a3429cbbe9c0f98b793988efb5bf90aac80f08db09b1"
            ],
            "index": "pypi",
            "markers": "python_version >= '3.7'",
            "version": "==0.9.0"
        },
        "platformdirs": {
            "hashes": [
                "sha256:0614df2a2f37e1a662acbd8e2b25b92ccf8632929bc6d43467e17fe89c75e068",
                "sha256:ef0cc731df711022c174543cb70a9b5bd22e5a9337c8624ef2c2ceb8ddad8768"
            ],
            "markers": "python_version >= '3.8'",
            "version": "==4.2.0"
        },
        "pycodestyle": {
            "hashes": [
                "sha256:41ba0e7afc9752dfb53ced5489e89f8186be00e599e712660695b7a75ff2663f",
                "sha256:44fe31000b2d866f2e41841b18528a505fbd7fef9017b04eff4e2648a0fadc67"
            ],
            "index": "pypi",
            "markers": "python_version >= '3.8'",
            "version": "==2.11.1"
        },
        "pylint": {
            "hashes": [
                "sha256:507a5b60953874766d8a366e8e8c7af63e058b26345cfcb5f91f89d987fd6b74",
                "sha256:6a69beb4a6f63debebaab0a3477ecd0f559aa726af4954fc948c51f7a2549e23"
            ],
            "index": "pypi",
            "markers": "python_full_version >= '3.8.0'",
            "version": "==3.1.0"
        },
        "tomlkit": {
            "hashes": [
                "sha256:5cd82d48a3dd89dee1f9d64420aa20ae65cfbd00668d6f094d7578a78efbb77b",
                "sha256:7ca1cfc12232806517a8515047ba66a19369e71edf2439d0f5824f91032b6cc3"
            ],
            "markers": "python_version >= '3.7'",
            "version": "==0.12.4"
        }
    }
}
